{
  "name": "@cdm-lang/cdm",
  "version": "0.1.64",
  "lockfileVersion": 3,
  "requires": true,
  "packages": {
    "": {
      "name": "@cdm-lang/cdm",
      "version": "0.1.64",
      "cpu": [
        "x64",
        "arm64"
      ],
      "hasInstallScript": true,
      "license": "MPL-2.0",
      "os": [
        "darwin",
        "linux",
        "win32"
      ],
      "bin": {
        "cdm": "bin/cdm.js"
      },
      "engines": {
        "node": ">=14.0.0"
      }
    }
  }
}
